
Microsoft Visual Studio Solution File, Format Version 12.00
# Visual Studio Version 16
VisualStudioVersion = 16.0.29503.13
MinimumVisualStudioVersion = 10.0.40219.1
Project("{9A19103F-16F7-4668-BE54-9A1E7A4F7556}") = "JWTAuth", "JWTAuth\JWTAuth.csproj", "{EB327572-4346-4DE0-88B3-17C98ED31525}"
EndProject
Project("{9A19103F-16F7-4668-BE54-9A1E7A4F7556}") = "JWTCustom", "JWTCustom\JWTCustom.csproj", "{3721CB49-FF2F-49ED-BB19-CB130ED6A9C7}"
EndProject
Project("{FAE04EC0-301F-11D3-BF4B-00C04F79EFBC}") = "GoogleAuth", "GoogleAuth\GoogleAuth.csproj", "{0F99C118-A638-4183-95B2-65C30C03A19B}"
EndProject
Project("{2150E333-8FDC-42A3-9474-1A3956D46DE8}") = "folder1", "folder1", "{9A258D68-9827-49E4-B663-8DA0CF6D3C01}"
EndProject
Project("{2150E333-8FDC-42A3-9474-1A3956D46DE8}") = "folder2", "folder2", "{6E8BF0A2-FA6D-4338-A889-05BEB9433170}"
EndProject
Project("{FAE04EC0-301F-11D3-BF4B-00C04F79EFBC}") = "myapp", "folder1\folder2\myapp\myapp.csproj", "{F0E002B2-1E50-4E1E-9F2F-55C4F96BE071}"
EndProject
Global
	GlobalSection(SolutionConfigurationPlatforms) = preSolution
		Debug|Any CPU = Debug|Any CPU
		Release|Any CPU = Release|Any CPU
	EndGlobalSection
	GlobalSection(ProjectConfigurationPlatforms) = postSolution
		{EB327572-4346-4DE0-88B3-17C98ED31525}.Debug|Any CPU.ActiveCfg = Debug|Any CPU
		{EB327572-4346-4DE0-88B3-17C98ED31525}.Debug|Any CPU.Build.0 = Debug|Any CPU
		{EB327572-4346-4DE0-88B3-17C98ED31525}.Release|Any CPU.ActiveCfg = Release|Any CPU
		{EB327572-4346-4DE0-88B3-17C98ED31525}.Release|Any CPU.Build.0 = Release|Any CPU
		{3721CB49-FF2F-49ED-BB19-CB130ED6A9C7}.Debug|Any CPU.ActiveCfg = Debug|Any CPU
		{3721CB49-FF2F-49ED-BB19-CB130ED6A9C7}.Debug|Any CPU.Build.0 = Debug|Any CPU
		{3721CB49-FF2F-49ED-BB19-CB130ED6A9C7}.Release|Any CPU.ActiveCfg = Release|Any CPU
		{3721CB49-FF2F-49ED-BB19-CB130ED6A9C7}.Release|Any CPU.Build.0 = Release|Any CPU
		{0F99C118-A638-4183-95B2-65C30C03A19B}.Debug|Any CPU.ActiveCfg = Debug|Any CPU
		{0F99C118-A638-4183-95B2-65C30C03A19B}.Debug|Any CPU.Build.0 = Debug|Any CPU
		{0F99C118-A638-4183-95B2-65C30C03A19B}.Release|Any CPU.ActiveCfg = Release|Any CPU
		{0F99C118-A638-4183-95B2-65C30C03A19B}.Release|Any CPU.Build.0 = Release|Any CPU
		{F0E002B2-1E50-4E1E-9F2F-55C4F96BE071}.Debug|Any CPU.ActiveCfg = Debug|Any CPU
		{F0E002B2-1E50-4E1E-9F2F-55C4F96BE071}.Debug|Any CPU.Build.0 = Debug|Any CPU
		{F0E002B2-1E50-4E1E-9F2F-55C4F96BE071}.Release|Any CPU.ActiveCfg = Release|Any CPU
		{F0E002B2-1E50-4E1E-9F2F-55C4F96BE071}.Release|Any CPU.Build.0 = Release|Any CPU
	EndGlobalSection
	GlobalSection(SolutionProperties) = preSolution
		HideSolutionNode = FALSE
	EndGlobalSection
	GlobalSection(ExtensibilityGlobals) = postSolution
		SolutionGuid = {2F72E492-7A91-4AC5-958E-B0EEEE298820}
	EndGlobalSection
	GlobalSection(NestedProjects) = preSolution
		{6E8BF0A2-FA6D-4338-A889-05BEB9433170} = {9A258D68-9827-49E4-B663-8DA0CF6D3C01}
		{F0E002B2-1E50-4E1E-9F2F-55C4F96BE071} = {6E8BF0A2-FA6D-4338-A889-05BEB9433170}
	EndGlobalSection
EndGlobal
